
Microsoft Visual Studio Solution File, Format Version 12.00
# Visual Studio Version 16
VisualStudioVersion = 16.0.31129.286
MinimumVisualStudioVersion = 10.0.40219.1
Project("{FAE04EC0-301F-11D3-BF4B-00C04F79EFBC}") = "CCSB_Bentelo", "CCSB_Bentelo\CCSB_Bentelo.csproj", "{5F83FBB2-3E3F-4E96-9545-32A90FC9EDC5}"
EndProject
Global
	GlobalSection(SolutionConfigurationPlatforms) = preSolution
		Debug|Any CPU = Debug|Any CPU
		Release|Any CPU = Release|Any CPU
	EndGlobalSection
	GlobalSection(ProjectConfigurationPlatforms) = postSolution
		{5F83FBB2-3E3F-4E96-9545-32A90FC9EDC5}.Debug|Any CPU.ActiveCfg = Debug|Any CPU
		{5F83FBB2-3E3F-4E96-9545-32A90FC9EDC5}.Debug|Any CPU.Build.0 = Debug|Any CPU
		{5F83FBB2-3E3F-4E96-9545-32A90FC9EDC5}.Release|Any CPU.ActiveCfg = Release|Any CPU
		{5F83FBB2-3E3F-4E96-9545-32A90FC9EDC5}.Release|Any CPU.Build.0 = Release|Any CPU
	EndGlobalSection
	GlobalSection(SolutionProperties) = preSolution
		HideSolutionNode = FALSE
	EndGlobalSection
	GlobalSection(ExtensibilityGlobals) = postSolution
		SolutionGuid = {356AAFD6-B794-4E07-935C-0FD5FC61B3D2}
	EndGlobalSection
EndGlobal
